{
    "hash": "f7decbae36507348b2c78a120fc77749",
    "packages": [
        {
            "package": "versionable/common",
            "version": "dev-master",
            "alias-pretty-version": "1.0.x-dev",
            "alias-version": "1.0.9999999.9999999-dev"
        },
        {
            "package": "versionable/common",
            "version": "dev-master",
            "source-reference": "ad2bed802e27fa92f36d11d9755e3a46a59a05c3"
        }
    ],
    "packages-dev": [

    ],
    "aliases": [

    ],
    "minimum-stability": "dev",
    "stability-flags": [

    ]
}
